{
  "nodes": {
    "nixpkgs": {
      "locked": {
        "lastModified": 1722937200,
        "narHash": "sha256-lYCUbjSFyS1Az+Y89C7mBoNtN6mBHaF61ibqlHPgRPM=",
        "owner": "NixOS",
        "repo": "nixpkgs",
        "rev": "b67ad15b55b62d56e1cd93da71cdecfa248e2e3b",
        "type": "github"
      },
      "original": {
        "owner": "NixOS",
        "repo": "nixpkgs",
        "type": "github"
      }
    },
    "root": {
      "inputs": {
        "nixpkgs": "nixpkgs"
      }
    }
  },
  "root": "root",
  "version": 7
}
